Microsoft Visual Studio Solution File, Format Version 12.00
# Visual Studio Version 17
VisualStudioVersion = 17.5.2.0
MinimumVisualStudioVersion = 10.0.40219.1
Project("{FAE04EC0-301F-11D3-BF4B-00C04F79EFBC}") = "Ejercicio5", "Ejercicio5\Ejercicio5.csproj", "{B7A6C7B1-2DC7-E4A9-EDE1-3F803EBB1C2B}"
EndProject
Global
	GlobalSection(SolutionConfigurationPlatforms) = preSolution
		Debug|Any CPU = Debug|Any CPU
		Release|Any CPU = Release|Any CPU
	EndGlobalSection
	GlobalSection(ProjectConfigurationPlatforms) = postSolution
		{B7A6C7B1-2DC7-E4A9-EDE1-3F803EBB1C2B}.Debug|Any CPU.ActiveCfg = Debug|Any CPU
		{B7A6C7B1-2DC7-E4A9-EDE1-3F803EBB1C2B}.Debug|Any CPU.Build.0 = Debug|Any CPU
		{B7A6C7B1-2DC7-E4A9-EDE1-3F803EBB1C2B}.Release|Any CPU.ActiveCfg = Release|Any CPU
		{B7A6C7B1-2DC7-E4A9-EDE1-3F803EBB1C2B}.Release|Any CPU.Build.0 = Release|Any CPU
	EndGlobalSection
	GlobalSection(SolutionProperties) = preSolution
		HideSolutionNode = FALSE
	EndGlobalSection
	GlobalSection(ExtensibilityGlobals) = postSolution
		SolutionGuid = {891592DD-5AC1-489E-A37C-F37D1550F9C1}
	EndGlobalSection
EndGlobal
