Microsoft Visual Studio Solution File, Format Version 12.00
# Visual Studio Version 17
VisualStudioVersion = 17.5.2.0
MinimumVisualStudioVersion = 10.0.40219.1
Project("{FAE04EC0-301F-11D3-BF4B-00C04F79EFBC}") = "Ejercicio7", "Ejercicio7\Ejercicio7.csproj", "{4E65C501-8428-F342-12E8-F5B74C1C466B}"
EndProject
Global
	GlobalSection(SolutionConfigurationPlatforms) = preSolution
		Debug|Any CPU = Debug|Any CPU
		Release|Any CPU = Release|Any CPU
	EndGlobalSection
	GlobalSection(ProjectConfigurationPlatforms) = postSolution
		{4E65C501-8428-F342-12E8-F5B74C1C466B}.Debug|Any CPU.ActiveCfg = Debug|Any CPU
		{4E65C501-8428-F342-12E8-F5B74C1C466B}.Debug|Any CPU.Build.0 = Debug|Any CPU
		{4E65C501-8428-F342-12E8-F5B74C1C466B}.Release|Any CPU.ActiveCfg = Release|Any CPU
		{4E65C501-8428-F342-12E8-F5B74C1C466B}.Release|Any CPU.Build.0 = Release|Any CPU
	EndGlobalSection
	GlobalSection(SolutionProperties) = preSolution
		HideSolutionNode = FALSE
	EndGlobalSection
	GlobalSection(ExtensibilityGlobals) = postSolution
		SolutionGuid = {0FC43549-DFB5-4562-9E35-998E7EB0DDD6}
	EndGlobalSection
EndGlobal
