Microsoft Visual Studio Solution File, Format Version 12.00
# Visual Studio Version 17
VisualStudioVersion = 17.5.2.0
MinimumVisualStudioVersion = 10.0.40219.1
Project("{FAE04EC0-301F-11D3-BF4B-00C04F79EFBC}") = "Ejercicio11", "Ejercicio11\Ejercicio11.csproj", "{EE6DAFFE-06EE-F0F4-FDA9-5D9C8E132B84}"
EndProject
Global
	GlobalSection(SolutionConfigurationPlatforms) = preSolution
		Debug|Any CPU = Debug|Any CPU
		Release|Any CPU = Release|Any CPU
	EndGlobalSection
	GlobalSection(ProjectConfigurationPlatforms) = postSolution
		{EE6DAFFE-06EE-F0F4-FDA9-5D9C8E132B84}.Debug|Any CPU.ActiveCfg = Debug|Any CPU
		{EE6DAFFE-06EE-F0F4-FDA9-5D9C8E132B84}.Debug|Any CPU.Build.0 = Debug|Any CPU
		{EE6DAFFE-06EE-F0F4-FDA9-5D9C8E132B84}.Release|Any CPU.ActiveCfg = Release|Any CPU
		{EE6DAFFE-06EE-F0F4-FDA9-5D9C8E132B84}.Release|Any CPU.Build.0 = Release|Any CPU
	EndGlobalSection
	GlobalSection(SolutionProperties) = preSolution
		HideSolutionNode = FALSE
	EndGlobalSection
	GlobalSection(ExtensibilityGlobals) = postSolution
		SolutionGuid = {EC59FEC4-EBDE-48CF-BBFF-89A9D2C9E680}
	EndGlobalSection
EndGlobal
