Microsoft Visual Studio Solution File, Format Version 12.00
# Visual Studio Version 17
VisualStudioVersion = 17.5.2.0
MinimumVisualStudioVersion = 10.0.40219.1
Project("{FAE04EC0-301F-11D3-BF4B-00C04F79EFBC}") = "Ejercicio9", "Ejercicio9\Ejercicio9.csproj", "{D45C2815-EB9D-349C-FA38-B2C7165BB9C6}"
EndProject
Global
	GlobalSection(SolutionConfigurationPlatforms) = preSolution
		Debug|Any CPU = Debug|Any CPU
		Release|Any CPU = Release|Any CPU
	EndGlobalSection
	GlobalSection(ProjectConfigurationPlatforms) = postSolution
		{D45C2815-EB9D-349C-FA38-B2C7165BB9C6}.Debug|Any CPU.ActiveCfg = Debug|Any CPU
		{D45C2815-EB9D-349C-FA38-B2C7165BB9C6}.Debug|Any CPU.Build.0 = Debug|Any CPU
		{D45C2815-EB9D-349C-FA38-B2C7165BB9C6}.Release|Any CPU.ActiveCfg = Release|Any CPU
		{D45C2815-EB9D-349C-FA38-B2C7165BB9C6}.Release|Any CPU.Build.0 = Release|Any CPU
	EndGlobalSection
	GlobalSection(SolutionProperties) = preSolution
		HideSolutionNode = FALSE
	EndGlobalSection
	GlobalSection(ExtensibilityGlobals) = postSolution
		SolutionGuid = {01E05A81-98D7-4BC2-BA3F-B470F2ADF086}
	EndGlobalSection
EndGlobal
