Microsoft Visual Studio Solution File, Format Version 12.00
# Visual Studio Version 17
VisualStudioVersion = 17.5.2.0
MinimumVisualStudioVersion = 10.0.40219.1
Project("{FAE04EC0-301F-11D3-BF4B-00C04F79EFBC}") = "Ejercicio3", "Ejercicio3\Ejercicio3.csproj", "{B3AFBE6A-773A-FD85-3395-A464BA3E4E4A}"
EndProject
Global
	GlobalSection(SolutionConfigurationPlatforms) = preSolution
		Debug|Any CPU = Debug|Any CPU
		Release|Any CPU = Release|Any CPU
	EndGlobalSection
	GlobalSection(ProjectConfigurationPlatforms) = postSolution
		{B3AFBE6A-773A-FD85-3395-A464BA3E4E4A}.Debug|Any CPU.ActiveCfg = Debug|Any CPU
		{B3AFBE6A-773A-FD85-3395-A464BA3E4E4A}.Debug|Any CPU.Build.0 = Debug|Any CPU
		{B3AFBE6A-773A-FD85-3395-A464BA3E4E4A}.Release|Any CPU.ActiveCfg = Release|Any CPU
		{B3AFBE6A-773A-FD85-3395-A464BA3E4E4A}.Release|Any CPU.Build.0 = Release|Any CPU
	EndGlobalSection
	GlobalSection(SolutionProperties) = preSolution
		HideSolutionNode = FALSE
	EndGlobalSection
	GlobalSection(ExtensibilityGlobals) = postSolution
		SolutionGuid = {50351037-A6FC-4DE4-811F-A7D8E232B1B2}
	EndGlobalSection
EndGlobal
